PODS:
  - OMGHTTPURLRQ (3.0.0):
    - OMGHTTPURLRQ/RQ (= 3.0.0)
  - OMGHTTPURLRQ/FormURLEncode (3.0.0)
  - OMGHTTPURLRQ/RQ (3.0.0):
    - OMGHTTPURLRQ/FormURLEncode
    - OMGHTTPURLRQ/UserAgent
  - OMGHTTPURLRQ/UserAgent (3.0.0)
  - PromiseKit (3.0.0):
    - PromiseKit/Foundation (= 3.0.0)
    - PromiseKit/QuartzCore (= 3.0.0)
    - PromiseKit/UIKit (= 3.0.0)
  - PromiseKit/CorePromise (3.0.0)
  - PromiseKit/Foundation (3.0.0):
    - OMGHTTPURLRQ (~> 3.0.0)
    - PromiseKit/CorePromise
  - PromiseKit/QuartzCore (3.0.0):
    - PromiseKit/CorePromise
  - PromiseKit/UIKit (3.0.0):
    - PromiseKit/CorePromise

DEPENDENCIES:
  - PromiseKit (from `https://github.com/mxcl/PromiseKit.git`, branch `swift-2.0-beta5`)

EXTERNAL SOURCES:
  PromiseKit:
    :branch: swift-2.0-beta5
    :git: https://github.com/mxcl/PromiseKit.git

CHECKOUT OPTIONS:
  PromiseKit:
    :commit: d1f27a1ef9f0d395b44c70add2391075f27f6e13
    :git: https://github.com/mxcl/PromiseKit.git

SPEC CHECKSUMS:
  OMGHTTPURLRQ: 45cd892e5643206a5a359307621df7678625ebec
  PromiseKit: a657c450a01f60137376a0210eb7b11f1aef8413

COCOAPODS: 0.38.2
